
Microsoft Visual Studio Solution File, Format Version 12.00
# Visual Studio Version 16
VisualStudioVersion = 16.0.30517.126
MinimumVisualStudioVersion = 10.0.40219.1
Project("{FAE04EC0-301F-11D3-BF4B-00C04F79EFBC}") = "WeekSevenAssignment", "WeekSevenAssignment\WeekSevenAssignment.csproj", "{8006E1DD-CE6D-470B-A579-930E7DF29CF8}"
EndProject
Project("{FAE04EC0-301F-11D3-BF4B-00C04F79EFBC}") = "RandomLetter", "RandomLetter\RandomLetter.csproj", "{C2FCC333-96D7-4956-AF21-64AB89A73F31}"
EndProject
Project("{FAE04EC0-301F-11D3-BF4B-00C04F79EFBC}") = "FirstNameReverse", "FirstNameReverse\FirstNameReverse.csproj", "{EF163229-EC80-4990-97FE-DC9DF115872D}"
EndProject
Project("{FAE04EC0-301F-11D3-BF4B-00C04F79EFBC}") = "CakeReplace", "CakeReplace\CakeReplace.csproj", "{49187893-88E6-4A54-8C5F-8D863835DC55}"
EndProject
Project("{FAE04EC0-301F-11D3-BF4B-00C04F79EFBC}") = "FullNameInitials", "FullNameInitials\FullNameInitials.csproj", "{D827D186-0CEE-482B-868C-7A5322AF98CD}"
EndProject
Project("{FAE04EC0-301F-11D3-BF4B-00C04F79EFBC}") = "DuckSong", "DuckSong\DuckSong.csproj", "{64F7B9E5-793F-4BC1-8085-5A49D04997E4}"
EndProject
Global
	GlobalSection(SolutionConfigurationPlatforms) = preSolution
		Debug|Any CPU = Debug|Any CPU
		Release|Any CPU = Release|Any CPU
	EndGlobalSection
	GlobalSection(ProjectConfigurationPlatforms) = postSolution
		{8006E1DD-CE6D-470B-A579-930E7DF29CF8}.Debug|Any CPU.ActiveCfg = Debug|Any CPU
		{8006E1DD-CE6D-470B-A579-930E7DF29CF8}.Debug|Any CPU.Build.0 = Debug|Any CPU
		{8006E1DD-CE6D-470B-A579-930E7DF29CF8}.Release|Any CPU.ActiveCfg = Release|Any CPU
		{8006E1DD-CE6D-470B-A579-930E7DF29CF8}.Release|Any CPU.Build.0 = Release|Any CPU
		{C2FCC333-96D7-4956-AF21-64AB89A73F31}.Debug|Any CPU.ActiveCfg = Debug|Any CPU
		{C2FCC333-96D7-4956-AF21-64AB89A73F31}.Debug|Any CPU.Build.0 = Debug|Any CPU
		{C2FCC333-96D7-4956-AF21-64AB89A73F31}.Release|Any CPU.ActiveCfg = Release|Any CPU
		{C2FCC333-96D7-4956-AF21-64AB89A73F31}.Release|Any CPU.Build.0 = Release|Any CPU
		{EF163229-EC80-4990-97FE-DC9DF115872D}.Debug|Any CPU.ActiveCfg = Debug|Any CPU
		{EF163229-EC80-4990-97FE-DC9DF115872D}.Debug|Any CPU.Build.0 = Debug|Any CPU
		{EF163229-EC80-4990-97FE-DC9DF115872D}.Release|Any CPU.ActiveCfg = Release|Any CPU
		{EF163229-EC80-4990-97FE-DC9DF115872D}.Release|Any CPU.Build.0 = Release|Any CPU
		{49187893-88E6-4A54-8C5F-8D863835DC55}.Debug|Any CPU.ActiveCfg = Debug|Any CPU
		{49187893-88E6-4A54-8C5F-8D863835DC55}.Debug|Any CPU.Build.0 = Debug|Any CPU
		{49187893-88E6-4A54-8C5F-8D863835DC55}.Release|Any CPU.ActiveCfg = Release|Any CPU
		{49187893-88E6-4A54-8C5F-8D863835DC55}.Release|Any CPU.Build.0 = Release|Any CPU
		{D827D186-0CEE-482B-868C-7A5322AF98CD}.Debug|Any CPU.ActiveCfg = Debug|Any CPU
		{D827D186-0CEE-482B-868C-7A5322AF98CD}.Debug|Any CPU.Build.0 = Debug|Any CPU
		{D827D186-0CEE-482B-868C-7A5322AF98CD}.Release|Any CPU.ActiveCfg = Release|Any CPU
		{D827D186-0CEE-482B-868C-7A5322AF98CD}.Release|Any CPU.Build.0 = Release|Any CPU
		{64F7B9E5-793F-4BC1-8085-5A49D04997E4}.Debug|Any CPU.ActiveCfg = Debug|Any CPU
		{64F7B9E5-793F-4BC1-8085-5A49D04997E4}.Debug|Any CPU.Build.0 = Debug|Any CPU
		{64F7B9E5-793F-4BC1-8085-5A49D04997E4}.Release|Any CPU.ActiveCfg = Release|Any CPU
		{64F7B9E5-793F-4BC1-8085-5A49D04997E4}.Release|Any CPU.Build.0 = Release|Any CPU
	EndGlobalSection
	GlobalSection(SolutionProperties) = preSolution
		HideSolutionNode = FALSE
	EndGlobalSection
	GlobalSection(ExtensibilityGlobals) = postSolution
		SolutionGuid = {E5675759-3E01-4C1F-AA5F-0E59E6774986}
	EndGlobalSection
EndGlobal
